# This file is automatically @generated by Cargo.
# It is not intended for manual editing.
version = 3

[[package]]
name = "adler32"
version = "1.2.0"
source = "registry+https://github.com/rust-lang/crates.io-index"
checksum = "aae1277d39aeec15cb388266ecc24b11c80469deae6067e17a1a7aa9e5c1f234"

[[package]]
name = "argh"
version = "0.1.7"
source = "registry+https://github.com/rust-lang/crates.io-index"
checksum = "dbb41d85d92dfab96cb95ab023c265c5e4261bb956c0fb49ca06d90c570f1958"
dependencies = [
 "argh_derive",
 "argh_shared",
]

[[package]]
name = "argh_derive"
version = "0.1.7"
source = "registry+https://github.com/rust-lang/crates.io-index"
checksum = "be69f70ef5497dd6ab331a50bd95c6ac6b8f7f17a7967838332743fbd58dc3b5"
dependencies = [
 "argh_shared",
 "heck",
 "proc-macro2",
 "quote",
 "syn",
]

[[package]]
name = "argh_shared"
version = "0.1.7"
source = "registry+https://github.com/rust-lang/crates.io-index"
checksum = "e6f8c380fa28aa1b36107cd97f0196474bb7241bb95a453c5c01a15ac74b2eac"

[[package]]
name = "autocfg"
version = "1.0.1"
source = "registry+https://github.com/rust-lang/crates.io-index"
checksum = "cdb031dd78e28731d87d56cc8ffef4a8f36ca26c38fe2de700543e627f8a464a"

[[package]]
name = "bitflags"
version = "1.3.2"
source = "registry+https://github.com/rust-lang/crates.io-index"
checksum = "bef38d45163c2f1dde094a7dfd33ccf595c92905c8f8f4fdc18d06fb1037718a"

[[package]]
name = "bytemuck"
version = "1.7.3"
source = "registry+https://github.com/rust-lang/crates.io-index"
checksum = "439989e6b8c38d1b6570a384ef1e49c8848128f5a97f3914baef02920842712f"

[[package]]
name = "byteorder"
version = "1.4.3"
source = "registry+https://github.com/rust-lang/crates.io-index"
checksum = "14c189c53d098945499cdfa7ecc63567cf3886b3332b312a5b4585d8d3a6a610"

[[package]]
name = "cc"
version = "1.0.72"
source = "registry+https://github.com/rust-lang/crates.io-index"
checksum = "22a9137b95ea06864e018375b72adfb7db6e6f68cfc8df5a04d00288050485ee"

[[package]]
name = "cfg-if"
version = "1.0.0"
source = "registry+https://github.com/rust-lang/crates.io-index"
checksum = "baf1de4339761588bc0619e3cbc0120ee582ebb74b53b4efbf79117bd2da40fd"

[[package]]
name = "cmake"
version = "0.1.46"
source = "registry+https://github.com/rust-lang/crates.io-index"
checksum = "b7b858541263efe664aead4a5209a4ae5c5d2811167d4ed4ee0944503f8d2089"
dependencies = [
 "cc",
]

[[package]]
name = "color_quant"
version = "1.1.0"
source = "registry+https://github.com/rust-lang/crates.io-index"
checksum = "3d7b894f5411737b7867f4827955924d7c254fc9f4d91a6aad6b097804b1018b"

[[package]]
name = "crc32fast"
version = "1.3.0"
source = "registry+https://github.com/rust-lang/crates.io-index"
checksum = "738c290dfaea84fc1ca15ad9c168d083b05a714e1efddd8edaab678dc28d2836"
dependencies = [
 "cfg-if",
]

[[package]]
name = "cty"
version = "0.2.2"
source = "registry+https://github.com/rust-lang/crates.io-index"
checksum = "b365fabc795046672053e29c954733ec3b05e4be654ab130fe8f1f94d7051f35"

[[package]]
name = "deflate"
version = "0.8.6"
source = "registry+https://github.com/rust-lang/crates.io-index"
checksum = "73770f8e1fe7d64df17ca66ad28994a0a623ea497fa69486e14984e715c5d174"
dependencies = [
 "adler32",
 "byteorder",
]

[[package]]
name = "gl"
version = "0.14.0"
source = "registry+https://github.com/rust-lang/crates.io-index"
checksum = "a94edab108827d67608095e269cf862e60d920f144a5026d3dbcfd8b877fb404"
dependencies = [
 "gl_generator",
]

[[package]]
name = "gl_generator"
version = "0.14.0"
source = "registry+https://github.com/rust-lang/crates.io-index"
checksum = "1a95dfc23a2b4a9a2f5ab41d194f8bfda3cabec42af4e39f08c339eb2a0c124d"
dependencies = [
 "khronos_api",
 "log",
 "xml-rs",
]

[[package]]
name = "glfw"
version = "0.42.0"
source = "registry+https://github.com/rust-lang/crates.io-index"
checksum = "06a3f9afbfd6576fca75be1e5cfc6db259b3a9b65844d34890b0711e82953605"
dependencies = [
 "bitflags",
 "glfw-sys",
 "objc",
 "raw-window-handle 0.3.4",
 "semver",
 "winapi",
]

[[package]]
name = "glfw-sys"
version = "3.3.5"
source = "registry+https://github.com/rust-lang/crates.io-index"
checksum = "5b0cbb12e2dfac494316e91f6bf7cf070ccd9c61501a02f4af14d71222c9f67f"
dependencies = [
 "cmake",
]

[[package]]
name = "heck"
version = "0.3.3"
source = "registry+https://github.com/rust-lang/crates.io-index"
checksum = "6d621efb26863f0e9924c6ac577e8275e5e6b77455db64ffa6c65c904e9e132c"
dependencies = [
 "unicode-segmentation",
]

[[package]]
name = "image"
version = "0.23.14"
source = "registry+https://github.com/rust-lang/crates.io-index"
checksum = "24ffcb7e7244a9bf19d35bf2883b9c080c4ced3c07a9895572178cdb8f13f6a1"
dependencies = [
 "bytemuck",
 "byteorder",
 "color_quant",
 "jpeg-decoder",
 "num-iter",
 "num-rational",
 "num-traits",
 "png",
]

[[package]]
name = "jpeg-decoder"
version = "0.1.22"
source = "registry+https://github.com/rust-lang/crates.io-index"
checksum = "229d53d58899083193af11e15917b5640cd40b29ff475a1fe4ef725deb02d0f2"

[[package]]
name = "khronos_api"
version = "3.1.0"
source = "registry+https://github.com/rust-lang/crates.io-index"
checksum = "e2db585e1d738fc771bf08a151420d3ed193d9d895a36df7f6f8a9456b911ddc"

[[package]]
name = "libc"
version = "0.2.112"
source = "registry+https://github.com/rust-lang/crates.io-index"
checksum = "1b03d17f364a3a042d5e5d46b053bbbf82c92c9430c592dd4c064dc6ee997125"

[[package]]
name = "log"
version = "0.4.14"
source = "registry+https://github.com/rust-lang/crates.io-index"
checksum = "51b9bbe6c47d51fc3e1a9b945965946b4c44142ab8792c50835a980d362c2710"
dependencies = [
 "cfg-if",
]

[[package]]
name = "luminance"
version = "0.44.1"
source = "registry+https://github.com/rust-lang/crates.io-index"
checksum = "53f17426227044c3fde0f81117f16234fce327200d00c6157c273ed6f1875891"
dependencies = [
 "luminance-derive 0.7.0",
]

[[package]]
name = "luminance"
version = "0.45.0"
source = "registry+https://github.com/rust-lang/crates.io-index"
checksum = "cfd5efcf7e0135fdfd45cd8dcb3ae64a1e4f8c4b988e128ce96f8e4989b2e506"
dependencies = [
 "luminance-derive 0.8.0",
]

[[package]]
name = "luminance-derive"
version = "0.7.0"
source = "registry+https://github.com/rust-lang/crates.io-index"
checksum = "97db4ceb9146d9aacead014908de3d0cd391bf042b50e63e1ab00e14c3a8709e"
dependencies = [
 "proc-macro2",
 "quote",
 "syn",
]

[[package]]
name = "luminance-derive"
version = "0.8.0"
source = "registry+https://github.com/rust-lang/crates.io-index"
checksum = "f3cd298b8987127cf92e7ee547f4d90be766806197e1fb843f05a772948d169b"
dependencies = [
 "proc-macro2",
 "quote",
 "syn",
]

[[package]]
name = "luminance-gl"
version = "0.18.0"
source = "registry+https://github.com/rust-lang/crates.io-index"
checksum = "ae4bfaabc2d43c618f8021f896537ba3779f84977134dda3a40dbb761db7377b"
dependencies = [
 "gl",
 "luminance 0.45.0",
 "luminance-std140",
]

[[package]]
name = "luminance-glfw"
version = "0.17.0"
source = "registry+https://github.com/rust-lang/crates.io-index"
checksum = "ec57b20a151ef1f7ebcf400043a4b62f6755cc9c5cfeba51e5b6ffed64545e83"
dependencies = [
 "gl",
 "glfw",
 "luminance 0.45.0",
 "luminance-gl",
]

[[package]]
name = "luminance-std140"
version = "0.1.0"
source = "registry+https://github.com/rust-lang/crates.io-index"
checksum = "cc674080f5b890f26b5c8a1e4b905476a956e95208fe999ca0a4c5a9c954ca02"
dependencies = [
 "luminance 0.45.0",
]

[[package]]
name = "luminance-windowing"
version = "0.10.1"
source = "registry+https://github.com/rust-lang/crates.io-index"
checksum = "adaa37407eb4c4ee7257f95238242f06a883ab58962b5608ee2718e501c6fa11"
dependencies = [
 "luminance 0.44.1",
]

[[package]]
name = "malloc_buf"
version = "0.0.6"
source = "registry+https://github.com/rust-lang/crates.io-index"
checksum = "62bb907fe88d54d8d9ce32a3cceab4218ed2f6b7d35617cafe9adf84e43919cb"
dependencies = [
 "libc",
]

[[package]]
name = "miniz_oxide"
version = "0.3.7"
source = "registry+https://github.com/rust-lang/crates.io-index"
checksum = "791daaae1ed6889560f8c4359194f56648355540573244a5448a83ba1ecc7435"
dependencies = [
 "adler32",
]

[[package]]
name = "motsu"
version = "0.1.0"
dependencies = [
 "argh",
 "glfw",
 "image",
 "libc",
 "luminance 0.45.0",
 "luminance-derive 0.8.0",
 "luminance-glfw",
 "luminance-windowing",
]

[[package]]
name = "num-integer"
version = "0.1.44"
source = "registry+https://github.com/rust-lang/crates.io-index"
checksum = "d2cc698a63b549a70bc047073d2949cce27cd1c7b0a4a862d08a8031bc2801db"
dependencies = [
 "autocfg",
 "num-traits",
]

[[package]]
name = "num-iter"
version = "0.1.42"
source = "registry+https://github.com/rust-lang/crates.io-index"
checksum = "b2021c8337a54d21aca0d59a92577a029af9431cb59b909b03252b9c164fad59"
dependencies = [
 "autocfg",
 "num-integer",
 "num-traits",
]

[[package]]
name = "num-rational"
version = "0.3.2"
source = "registry+https://github.com/rust-lang/crates.io-index"
checksum = "12ac428b1cb17fce6f731001d307d351ec70a6d202fc2e60f7d4c5e42d8f4f07"
dependencies = [
 "autocfg",
 "num-integer",
 "num-traits",
]

[[package]]
name = "num-traits"
version = "0.2.14"
source = "registry+https://github.com/rust-lang/crates.io-index"
checksum = "9a64b1ec5cda2586e284722486d802acf1f7dbdc623e2bfc57e65ca1cd099290"
dependencies = [
 "autocfg",
]

[[package]]
name = "objc"
version = "0.2.7"
source = "registry+https://github.com/rust-lang/crates.io-index"
checksum = "915b1b472bc21c53464d6c8461c9d3af805ba1ef837e1cac254428f4a77177b1"
dependencies = [
 "malloc_buf",
]

[[package]]
name = "png"
version = "0.16.8"
source = "registry+https://github.com/rust-lang/crates.io-index"
checksum = "3c3287920cb847dee3de33d301c463fba14dda99db24214ddf93f83d3021f4c6"
dependencies = [
 "bitflags",
 "crc32fast",
 "deflate",
 "miniz_oxide",
]

[[package]]
name = "proc-macro2"
version = "1.0.34"
source = "registry+https://github.com/rust-lang/crates.io-index"
checksum = "2f84e92c0f7c9d58328b85a78557813e4bd845130db68d7184635344399423b1"
dependencies = [
 "unicode-xid",
]

[[package]]
name = "quote"
version = "1.0.10"
source = "registry+https://github.com/rust-lang/crates.io-index"
checksum = "38bc8cc6a5f2e3655e0899c1b848643b2562f853f114bfec7be120678e3ace05"
dependencies = [
 "proc-macro2",
]

[[package]]
name = "raw-window-handle"
version = "0.3.4"
source = "registry+https://github.com/rust-lang/crates.io-index"
checksum = "e28f55143d0548dad60bb4fbdc835a3d7ac6acc3324506450c5fdd6e42903a76"
dependencies = [
 "libc",
 "raw-window-handle 0.4.2",
]

[[package]]
name = "raw-window-handle"
version = "0.4.2"
source = "registry+https://github.com/rust-lang/crates.io-index"
checksum = "fba75eee94a9d5273a68c9e1e105d9cffe1ef700532325788389e5a83e2522b7"
dependencies = [
 "cty",
]

[[package]]
name = "semver"
version = "0.9.0"
source = "registry+https://github.com/rust-lang/crates.io-index"
checksum = "1d7eb9ef2c18661902cc47e535f9bc51b78acd254da71d375c2f6720d9a40403"
dependencies = [
 "semver-parser",
]

[[package]]
name = "semver-parser"
version = "0.7.0"
source = "registry+https://github.com/rust-lang/crates.io-index"
checksum = "388a1df253eca08550bef6c72392cfe7c30914bf41df5269b68cbd6ff8f570a3"

[[package]]
name = "syn"
version = "1.0.82"
source = "registry+https://github.com/rust-lang/crates.io-index"
checksum = "8daf5dd0bb60cbd4137b1b587d2fc0ae729bc07cf01cd70b36a1ed5ade3b9d59"
dependencies = [
 "proc-macro2",
 "quote",
 "unicode-xid",
]

[[package]]
name = "unicode-segmentation"
version = "1.8.0"
source = "registry+https://github.com/rust-lang/crates.io-index"
checksum = "8895849a949e7845e06bd6dc1aa51731a103c42707010a5b591c0038fb73385b"

[[package]]
name = "unicode-xid"
version = "0.2.2"
source = "registry+https://github.com/rust-lang/crates.io-index"
checksum = "8ccb82d61f80a663efe1f787a51b16b5a51e3314d6ac365b08639f52387b33f3"

[[package]]
name = "winapi"
version = "0.3.9"
source = "registry+https://github.com/rust-lang/crates.io-index"
checksum = "5c839a674fcd7a98952e593242ea400abe93992746761e38641405d28b00f419"
dependencies = [
 "winapi-i686-pc-windows-gnu",
 "winapi-x86_64-pc-windows-gnu",
]

[[package]]
name = "winapi-i686-pc-windows-gnu"
version = "0.4.0"
source = "registry+https://github.com/rust-lang/crates.io-index"
checksum = "ac3b87c63620426dd9b991e5ce0329eff545bccbbb34f3be09ff6fb6ab51b7b6"

[[package]]
name = "winapi-x86_64-pc-windows-gnu"
version = "0.4.0"
source = "registry+https://github.com/rust-lang/crates.io-index"
checksum = "712e227841d057c1ee1cd2fb22fa7e5a5461ae8e48fa2ca79ec42cfc1931183f"

[[package]]
name = "xml-rs"
version = "0.8.4"
source = "registry+https://github.com/rust-lang/crates.io-index"
checksum = "d2d7d3948613f75c98fd9328cfdcc45acc4d360655289d0a7d4ec931392200a3"
